
Microsoft Visual Studio Solution File, Format Version 12.00
# Visual Studio 14
VisualStudioVersion = 14.0.25420.1
MinimumVisualStudioVersion = 10.0.40219.1
Project("{FAE04EC0-301F-11D3-BF4B-00C04F79EFBC}") = "EmploymentDepartment", "EmploymentDepartment\EmploymentDepartment.csproj", "{6E5874B1-7222-4B2F-AF87-091CBF3A64B8}"
EndProject
Project("{FAE04EC0-301F-11D3-BF4B-00C04F79EFBC}") = "EmploymentDepartment.BL", "EmploymentDepartment.BL\EmploymentDepartment.BL.csproj", "{17C47D81-FCA6-433F-BC67-02828ED5AC30}"
EndProject
Project("{54435603-DBB4-11D2-8724-00A0C9A8B90C}") = "Setup", "Setup\Setup.vdproj", "{61C3E12C-91CB-40B3-9716-459ADE4FC951}"
EndProject
Global
	GlobalSection(SolutionConfigurationPlatforms) = preSolution
		Debug|Any CPU = Debug|Any CPU
		Release|Any CPU = Release|Any CPU
	EndGlobalSection
	GlobalSection(ProjectConfigurationPlatforms) = postSolution
		{6E5874B1-7222-4B2F-AF87-091CBF3A64B8}.Debug|Any CPU.ActiveCfg = Debug|Any CPU
		{6E5874B1-7222-4B2F-AF87-091CBF3A64B8}.Debug|Any CPU.Build.0 = Debug|Any CPU
		{6E5874B1-7222-4B2F-AF87-091CBF3A64B8}.Release|Any CPU.ActiveCfg = Release|Any CPU
		{6E5874B1-7222-4B2F-AF87-091CBF3A64B8}.Release|Any CPU.Build.0 = Release|Any CPU
		{17C47D81-FCA6-433F-BC67-02828ED5AC30}.Debug|Any CPU.ActiveCfg = Debug|Any CPU
		{17C47D81-FCA6-433F-BC67-02828ED5AC30}.Debug|Any CPU.Build.0 = Debug|Any CPU
		{17C47D81-FCA6-433F-BC67-02828ED5AC30}.Release|Any CPU.ActiveCfg = Release|Any CPU
		{17C47D81-FCA6-433F-BC67-02828ED5AC30}.Release|Any CPU.Build.0 = Release|Any CPU
		{61C3E12C-91CB-40B3-9716-459ADE4FC951}.Debug|Any CPU.ActiveCfg = Debug
		{61C3E12C-91CB-40B3-9716-459ADE4FC951}.Release|Any CPU.ActiveCfg = Release
	EndGlobalSection
	GlobalSection(SolutionProperties) = preSolution
		HideSolutionNode = FALSE
	EndGlobalSection
EndGlobal
